
Microsoft Visual Studio Solution File, Format Version 12.00
# Visual Studio Version 16
VisualStudioVersion = 16.0.29230.47
MinimumVisualStudioVersion = 10.0.40219.1
Project("{FAE04EC0-301F-11D3-BF4B-00C04F79EFBC}") = "ContactsAppUI", "ContactsAppUI\ContactsAppUI.csproj", "{6738FB74-CB12-4A6C-81A5-3254A3BF654F}"
EndProject
Project("{FAE04EC0-301F-11D3-BF4B-00C04F79EFBC}") = "ContactsApp", "ContactsApp\ContactsApp.csproj", "{9F4CA388-BA4C-4429-BD73-7A3994A7D8DB}"
EndProject
Global
	GlobalSection(SolutionConfigurationPlatforms) = preSolution
		Debug|Any CPU = Debug|Any CPU
		Release|Any CPU = Release|Any CPU
	EndGlobalSection
	GlobalSection(ProjectConfigurationPlatforms) = postSolution
		{6738FB74-CB12-4A6C-81A5-3254A3BF654F}.Debug|Any CPU.ActiveCfg = Debug|Any CPU
		{6738FB74-CB12-4A6C-81A5-3254A3BF654F}.Debug|Any CPU.Build.0 = Debug|Any CPU
		{6738FB74-CB12-4A6C-81A5-3254A3BF654F}.Release|Any CPU.ActiveCfg = Release|Any CPU
		{6738FB74-CB12-4A6C-81A5-3254A3BF654F}.Release|Any CPU.Build.0 = Release|Any CPU
		{9F4CA388-BA4C-4429-BD73-7A3994A7D8DB}.Debug|Any CPU.ActiveCfg = Debug|Any CPU
		{9F4CA388-BA4C-4429-BD73-7A3994A7D8DB}.Debug|Any CPU.Build.0 = Debug|Any CPU
		{9F4CA388-BA4C-4429-BD73-7A3994A7D8DB}.Release|Any CPU.ActiveCfg = Release|Any CPU
		{9F4CA388-BA4C-4429-BD73-7A3994A7D8DB}.Release|Any CPU.Build.0 = Release|Any CPU
	EndGlobalSection
	GlobalSection(SolutionProperties) = preSolution
		HideSolutionNode = FALSE
	EndGlobalSection
	GlobalSection(ExtensibilityGlobals) = postSolution
		SolutionGuid = {D8EB1A86-71F4-449F-BB92-EABE3B261A5E}
	EndGlobalSection
EndGlobal
